// !$*UTF8*$!
{
	archiveVersion = 1;
	classes = {
	};
	objectVersion = 51;
	objects = {

/* Begin PBXBuildFile section */
		390BD67A23B06ACB00FF7E68 /* MovieTabViewController.swift in Sources */ = {isa = PBXBuildFile; fileRef = 390BD67923B06ACB00FF7E68 /* MovieTabViewController.swift */; };
		390BD67C23B06AEB00FF7E68 /* MovieTabScreen.storyboard in Resources */ = {isa = PBXBuildFile; fileRef = 390BD67B23B06AEB00FF7E68 /* MovieTabScreen.storyboard */; };
		390BD67E23B06B3300FF7E68 /* MovieTabOneViewController.swift in Sources */ = {isa = PBXBuildFile; fileRef = 390BD67D23B06B3300FF7E68 /* MovieTabOneViewController.swift */; };
		390BD68023B070FC00FF7E68 /* MovieTabTwoViewController.swift in Sources */ = {isa = PBXBuildFile; fileRef = 390BD67F23B070FC00FF7E68 /* MovieTabTwoViewController.swift */; };
		390BD68423B08A4700FF7E68 /* MovieCollectionViewCell.swift in Sources */ = {isa = PBXBuildFile; fileRef = 390BD68323B08A4700FF7E68 /* MovieCollectionViewCell.swift */; };
		390BD68723B08AF800FF7E68 /* Movie.swift in Sources */ = {isa = PBXBuildFile; fileRef = 390BD68623B08AF800FF7E68 /* Movie.swift */; };
		390BD68923B08B1500FF7E68 /* ServerURLs.swift in Sources */ = {isa = PBXBuildFile; fileRef = 390BD68823B08B1500FF7E68 /* ServerURLs.swift */; };
		390BD68B23B08B9300FF7E68 /* DataManager.swift in Sources */ = {isa = PBXBuildFile; fileRef = 390BD68A23B08B9300FF7E68 /* DataManager.swift */; };
		390BD68D23B09D2B00FF7E68 /* Extensions+UIColor.swift in Sources */ = {isa = PBXBuildFile; fileRef = 390BD68C23B09D2B00FF7E68 /* Extensions+UIColor.swift */; };
		391CEEBD23B0DD6700E4C71D /* FindFriendViewController.swift in Sources */ = {isa = PBXBuildFile; fileRef = 391CEEBC23B0DD6700E4C71D /* FindFriendViewController.swift */; };
		391CEEBF23B0DD9C00E4C71D /* FriendScreen.storyboard in Resources */ = {isa = PBXBuildFile; fileRef = 391CEEBE23B0DD9C00E4C71D /* FriendScreen.storyboard */; };
		3962D19623B1254D004B11AB /* GoogleService-Info.plist in Resources */ = {isa = PBXBuildFile; fileRef = 3962D19523B1254D004B11AB /* GoogleService-Info.plist */; };
		3962D19923B12947004B11AB /* ChattingViewController.swift in Sources */ = {isa = PBXBuildFile; fileRef = 3962D19823B12947004B11AB /* ChattingViewController.swift */; };
		398522B823B05F8D009C9AE3 /* AppDelegate.swift in Sources */ = {isa = PBXBuildFile; fileRef = 398522B723B05F8D009C9AE3 /* AppDelegate.swift */; };
		398522BA23B05F8D009C9AE3 /* SceneDelegate.swift in Sources */ = {isa = PBXBuildFile; fileRef = 398522B923B05F8D009C9AE3 /* SceneDelegate.swift */; };
		398522BC23B05F8D009C9AE3 /* ViewController.swift in Sources */ = {isa = PBXBuildFile; fileRef = 398522BB23B05F8D009C9AE3 /* ViewController.swift */; };
		398522BF23B05F8D009C9AE3 /* Main.storyboard in Resources */ = {isa = PBXBuildFile; fileRef = 398522BD23B05F8D009C9AE3 /* Main.storyboard */; };
		398522C223B05F8D009C9AE3 /* Mobo_iOS.xcdatamodeld in Sources */ = {isa = PBXBuildFile; fileRef = 398522C023B05F8D009C9AE3 /* Mobo_iOS.xcdatamodeld */; };
		398522C423B05F8F009C9AE3 /* Assets.xcassets in Resources */ = {isa = PBXBuildFile; fileRef = 398522C323B05F8F009C9AE3 /* Assets.xcassets */; };
		398522C723B05F8F009C9AE3 /* LaunchScreen.storyboard in Resources */ = {isa = PBXBuildFile; fileRef = 398522C523B05F8F009C9AE3 /* LaunchScreen.storyboard */; };
		398522D923B064DD009C9AE3 /* Extension+Font.swift in Sources */ = {isa = PBXBuildFile; fileRef = 398522D423B064DD009C9AE3 /* Extension+Font.swift */; };
		398522DA23B064DD009C9AE3 /* Extension+GIF.swift in Sources */ = {isa = PBXBuildFile; fileRef = 398522D523B064DD009C9AE3 /* Extension+GIF.swift */; };
		398522DB23B064DD009C9AE3 /* Extensions+UIView.swift in Sources */ = {isa = PBXBuildFile; fileRef = 398522D623B064DD009C9AE3 /* Extensions+UIView.swift */; };
		398522DC23B064DD009C9AE3 /* Extension+CALayer.swift in Sources */ = {isa = PBXBuildFile; fileRef = 398522D723B064DD009C9AE3 /* Extension+CALayer.swift */; };
		398522DD23B064DD009C9AE3 /* Extension+UITextField.swift in Sources */ = {isa = PBXBuildFile; fileRef = 398522D823B064DD009C9AE3 /* Extension+UITextField.swift */; };
<<<<<<< HEAD
<<<<<<< Updated upstream
		EA740D8A23B06BEF00D9E9BC /* SignIn.storyboard in Resources */ = {isa = PBXBuildFile; fileRef = EA740D8923B06BEF00D9E9BC /* SignIn.storyboard */; };
		EA740D8C23B06C4700D9E9BC /* SignInViewController.swift in Sources */ = {isa = PBXBuildFile; fileRef = EA740D8B23B06C4700D9E9BC /* SignInViewController.swift */; };
=======
=======
>>>>>>> master
		39C84F4823B0A244000130B4 /* MovieTimeTableViewController.swift in Sources */ = {isa = PBXBuildFile; fileRef = 39C84F4723B0A244000130B4 /* MovieTimeTableViewController.swift */; };
		39C84F4C23B0BD2E000130B4 /* loader.json in Resources */ = {isa = PBXBuildFile; fileRef = 39C84F4B23B0BD2E000130B4 /* loader.json */; };
		39C84F4E23B0C2A4000130B4 /* PopUpScreen.storyboard in Resources */ = {isa = PBXBuildFile; fileRef = 39C84F4D23B0C2A4000130B4 /* PopUpScreen.storyboard */; };
		39C84F5323B0C49A000130B4 /* PopupInventoryViewController.swift in Sources */ = {isa = PBXBuildFile; fileRef = 39C84F5223B0C49A000130B4 /* PopupInventoryViewController.swift */; };
<<<<<<< HEAD
		9FAE6A60C01378860FA901C8 /* Pods_Mobo_iOS.framework in Frameworks */ = {isa = PBXBuildFile; fileRef = 02DE58E89F1AFEA60CB7A16B /* Pods_Mobo_iOS.framework */; };
		EAE23E6023B13241007615CD /* SignInStoryboard.storyboard in Resources */ = {isa = PBXBuildFile; fileRef = EAE23E5F23B13241007615CD /* SignInStoryboard.storyboard */; };
		EAE23E6323B132A8007615CD /* SignInViewController.swift in Sources */ = {isa = PBXBuildFile; fileRef = EAE23E6223B132A8007615CD /* SignInViewController.swift */; };
		EAE23E6523B132B4007615CD /* SignUpViewController.swift in Sources */ = {isa = PBXBuildFile; fileRef = EAE23E6423B132B4007615CD /* SignUpViewController.swift */; };
		EAE23E6823B13DE4007615CD /* APIService.swift in Sources */ = {isa = PBXBuildFile; fileRef = EAE23E6723B13DE4007615CD /* APIService.swift */; };
		EAE23E6A23B13E0B007615CD /* APIConstants.swift in Sources */ = {isa = PBXBuildFile; fileRef = EAE23E6923B13E0B007615CD /* APIConstants.swift */; };
		EAE23E6C23B13E9F007615CD /* ResponseString.swift in Sources */ = {isa = PBXBuildFile; fileRef = EAE23E6B23B13E9F007615CD /* ResponseString.swift */; };
		EAE23E6E23B13EDA007615CD /* SignInService.swift in Sources */ = {isa = PBXBuildFile; fileRef = EAE23E6D23B13EDA007615CD /* SignInService.swift */; };
		EAE23E7023B13F28007615CD /* SignUpService.swift in Sources */ = {isa = PBXBuildFile; fileRef = EAE23E6F23B13F28007615CD /* SignUpService.swift */; };
		EAE23E7223B14B96007615CD /* StartHome.storyboard in Resources */ = {isa = PBXBuildFile; fileRef = EAE23E7123B14B96007615CD /* StartHome.storyboard */; };
<<<<<<< Updated upstream
>>>>>>> Stashed changes
=======
>>>>>>> Stashed changes
=======
		39CC509923B12B6400E24F95 /* RemoteConfigDefaults.plist in Resources */ = {isa = PBXBuildFile; fileRef = 39CC509823B12B6400E24F95 /* RemoteConfigDefaults.plist */; };
		39CC509B23B12C9700E24F95 /* ChattingScreen.storyboard in Resources */ = {isa = PBXBuildFile; fileRef = 39CC509A23B12C9700E24F95 /* ChattingScreen.storyboard */; };
		39CC509D23B1350A00E24F95 /* ChattingLoginViewController.swift in Sources */ = {isa = PBXBuildFile; fileRef = 39CC509C23B1350A00E24F95 /* ChattingLoginViewController.swift */; };
		39CC509F23B1377700E24F95 /* ChattingSignUpViewController.swift in Sources */ = {isa = PBXBuildFile; fileRef = 39CC509E23B1377700E24F95 /* ChattingSignUpViewController.swift */; };
		39CC50A123B14BE100E24F95 /* ChattingMainViewController.swift in Sources */ = {isa = PBXBuildFile; fileRef = 39CC50A023B14BE100E24F95 /* ChattingMainViewController.swift */; };
		9FAE6A60C01378860FA901C8 /* Pods_Mobo_iOS.framework in Frameworks */ = {isa = PBXBuildFile; fileRef = 02DE58E89F1AFEA60CB7A16B /* Pods_Mobo_iOS.framework */; };
>>>>>>> master
/* End PBXBuildFile section */

/* Begin PBXFileReference section */
		0264162D43B295069FF65561 /* Pods-Mobo_iOS.debug.xcconfig */ = {isa = PBXFileReference; includeInIndex = 1; lastKnownFileType = text.xcconfig; name = "Pods-Mobo_iOS.debug.xcconfig"; path = "Target Support Files/Pods-Mobo_iOS/Pods-Mobo_iOS.debug.xcconfig"; sourceTree = "<group>"; };
		02DE58E89F1AFEA60CB7A16B /* Pods_Mobo_iOS.framework */ = {isa = PBXFileReference; explicitFileType = wrapper.framework; includeInIndex = 0; path = Pods_Mobo_iOS.framework; sourceTree = BUILT_PRODUCTS_DIR; };
		390BD67923B06ACB00FF7E68 /* MovieTabViewController.swift */ = {isa = PBXFileReference; lastKnownFileType = sourcecode.swift; path = MovieTabViewController.swift; sourceTree = "<group>"; };
		390BD67B23B06AEB00FF7E68 /* MovieTabScreen.storyboard */ = {isa = PBXFileReference; lastKnownFileType = file.storyboard; path = MovieTabScreen.storyboard; sourceTree = "<group>"; };
		390BD67D23B06B3300FF7E68 /* MovieTabOneViewController.swift */ = {isa = PBXFileReference; lastKnownFileType = sourcecode.swift; path = MovieTabOneViewController.swift; sourceTree = "<group>"; };
		390BD67F23B070FC00FF7E68 /* MovieTabTwoViewController.swift */ = {isa = PBXFileReference; lastKnownFileType = sourcecode.swift; path = MovieTabTwoViewController.swift; sourceTree = "<group>"; };
		390BD68323B08A4700FF7E68 /* MovieCollectionViewCell.swift */ = {isa = PBXFileReference; lastKnownFileType = sourcecode.swift; path = MovieCollectionViewCell.swift; sourceTree = "<group>"; };
		390BD68623B08AF800FF7E68 /* Movie.swift */ = {isa = PBXFileReference; lastKnownFileType = sourcecode.swift; path = Movie.swift; sourceTree = "<group>"; };
		390BD68823B08B1500FF7E68 /* ServerURLs.swift */ = {isa = PBXFileReference; lastKnownFileType = sourcecode.swift; path = ServerURLs.swift; sourceTree = "<group>"; };
		390BD68A23B08B9300FF7E68 /* DataManager.swift */ = {isa = PBXFileReference; lastKnownFileType = sourcecode.swift; path = DataManager.swift; sourceTree = "<group>"; };
		390BD68C23B09D2B00FF7E68 /* Extensions+UIColor.swift */ = {isa = PBXFileReference; lastKnownFileType = sourcecode.swift; path = "Extensions+UIColor.swift"; sourceTree = "<group>"; };
		391CEEBC23B0DD6700E4C71D /* FindFriendViewController.swift */ = {isa = PBXFileReference; lastKnownFileType = sourcecode.swift; path = FindFriendViewController.swift; sourceTree = "<group>"; };
		391CEEBE23B0DD9C00E4C71D /* FriendScreen.storyboard */ = {isa = PBXFileReference; lastKnownFileType = file.storyboard; path = FriendScreen.storyboard; sourceTree = "<group>"; };
		3962D19523B1254D004B11AB /* GoogleService-Info.plist */ = {isa = PBXFileReference; fileEncoding = 4; lastKnownFileType = text.plist.xml; path = "GoogleService-Info.plist"; sourceTree = "<group>"; };
		3962D19823B12947004B11AB /* ChattingViewController.swift */ = {isa = PBXFileReference; lastKnownFileType = sourcecode.swift; path = ChattingViewController.swift; sourceTree = "<group>"; };
		398522B423B05F8D009C9AE3 /* Mobo_iOS.app */ = {isa = PBXFileReference; explicitFileType = wrapper.application; includeInIndex = 0; path = Mobo_iOS.app; sourceTree = BUILT_PRODUCTS_DIR; };
		398522B723B05F8D009C9AE3 /* AppDelegate.swift */ = {isa = PBXFileReference; lastKnownFileType = sourcecode.swift; path = AppDelegate.swift; sourceTree = "<group>"; };
		398522B923B05F8D009C9AE3 /* SceneDelegate.swift */ = {isa = PBXFileReference; lastKnownFileType = sourcecode.swift; path = SceneDelegate.swift; sourceTree = "<group>"; };
		398522BB23B05F8D009C9AE3 /* ViewController.swift */ = {isa = PBXFileReference; lastKnownFileType = sourcecode.swift; path = ViewController.swift; sourceTree = "<group>"; };
		398522BE23B05F8D009C9AE3 /* Base */ = {isa = PBXFileReference; lastKnownFileType = file.storyboard; name = Base; path = Base.lproj/Main.storyboard; sourceTree = "<group>"; };
		398522C123B05F8D009C9AE3 /* Mobo_iOS.xcdatamodel */ = {isa = PBXFileReference; lastKnownFileType = wrapper.xcdatamodel; path = Mobo_iOS.xcdatamodel; sourceTree = "<group>"; };
		398522C323B05F8F009C9AE3 /* Assets.xcassets */ = {isa = PBXFileReference; lastKnownFileType = folder.assetcatalog; path = Assets.xcassets; sourceTree = "<group>"; };
		398522C623B05F8F009C9AE3 /* Base */ = {isa = PBXFileReference; lastKnownFileType = file.storyboard; name = Base; path = Base.lproj/LaunchScreen.storyboard; sourceTree = "<group>"; };
		398522C823B05F8F009C9AE3 /* Info.plist */ = {isa = PBXFileReference; lastKnownFileType = text.plist.xml; path = Info.plist; sourceTree = "<group>"; };
		398522D423B064DD009C9AE3 /* Extension+Font.swift */ = {isa = PBXFileReference; fileEncoding = 4; lastKnownFileType = sourcecode.swift; path = "Extension+Font.swift"; sourceTree = "<group>"; };
		398522D523B064DD009C9AE3 /* Extension+GIF.swift */ = {isa = PBXFileReference; fileEncoding = 4; lastKnownFileType = sourcecode.swift; path = "Extension+GIF.swift"; sourceTree = "<group>"; };
		398522D623B064DD009C9AE3 /* Extensions+UIView.swift */ = {isa = PBXFileReference; fileEncoding = 4; lastKnownFileType = sourcecode.swift; path = "Extensions+UIView.swift"; sourceTree = "<group>"; };
		398522D723B064DD009C9AE3 /* Extension+CALayer.swift */ = {isa = PBXFileReference; fileEncoding = 4; lastKnownFileType = sourcecode.swift; path = "Extension+CALayer.swift"; sourceTree = "<group>"; };
		398522D823B064DD009C9AE3 /* Extension+UITextField.swift */ = {isa = PBXFileReference; fileEncoding = 4; lastKnownFileType = sourcecode.swift; path = "Extension+UITextField.swift"; sourceTree = "<group>"; };
<<<<<<< HEAD
<<<<<<< Updated upstream
		EA740D8923B06BEF00D9E9BC /* SignIn.storyboard */ = {isa = PBXFileReference; lastKnownFileType = file.storyboard; path = SignIn.storyboard; sourceTree = "<group>"; };
		EA740D8B23B06C4700D9E9BC /* SignInViewController.swift */ = {isa = PBXFileReference; lastKnownFileType = sourcecode.swift; path = SignInViewController.swift; sourceTree = "<group>"; };
=======
=======
>>>>>>> master
		39C84F4723B0A244000130B4 /* MovieTimeTableViewController.swift */ = {isa = PBXFileReference; lastKnownFileType = sourcecode.swift; path = MovieTimeTableViewController.swift; sourceTree = "<group>"; };
		39C84F4B23B0BD2E000130B4 /* loader.json */ = {isa = PBXFileReference; fileEncoding = 4; lastKnownFileType = text.json; path = loader.json; sourceTree = "<group>"; };
		39C84F4D23B0C2A4000130B4 /* PopUpScreen.storyboard */ = {isa = PBXFileReference; lastKnownFileType = file.storyboard; path = PopUpScreen.storyboard; sourceTree = "<group>"; };
		39C84F5223B0C49A000130B4 /* PopupInventoryViewController.swift */ = {isa = PBXFileReference; lastKnownFileType = sourcecode.swift; path = PopupInventoryViewController.swift; sourceTree = "<group>"; };
<<<<<<< HEAD
		47EA4ECB84A67FB1A51C107C /* Pods-Mobo_iOS.release.xcconfig */ = {isa = PBXFileReference; includeInIndex = 1; lastKnownFileType = text.xcconfig; name = "Pods-Mobo_iOS.release.xcconfig"; path = "Target Support Files/Pods-Mobo_iOS/Pods-Mobo_iOS.release.xcconfig"; sourceTree = "<group>"; };
		EAE23E5F23B13241007615CD /* SignInStoryboard.storyboard */ = {isa = PBXFileReference; lastKnownFileType = file.storyboard; path = SignInStoryboard.storyboard; sourceTree = "<group>"; };
		EAE23E6223B132A8007615CD /* SignInViewController.swift */ = {isa = PBXFileReference; lastKnownFileType = sourcecode.swift; path = SignInViewController.swift; sourceTree = "<group>"; };
		EAE23E6423B132B4007615CD /* SignUpViewController.swift */ = {isa = PBXFileReference; lastKnownFileType = sourcecode.swift; path = SignUpViewController.swift; sourceTree = "<group>"; };
		EAE23E6723B13DE4007615CD /* APIService.swift */ = {isa = PBXFileReference; lastKnownFileType = sourcecode.swift; path = APIService.swift; sourceTree = "<group>"; };
		EAE23E6923B13E0B007615CD /* APIConstants.swift */ = {isa = PBXFileReference; lastKnownFileType = sourcecode.swift; path = APIConstants.swift; sourceTree = "<group>"; };
		EAE23E6B23B13E9F007615CD /* ResponseString.swift */ = {isa = PBXFileReference; lastKnownFileType = sourcecode.swift; path = ResponseString.swift; sourceTree = "<group>"; };
		EAE23E6D23B13EDA007615CD /* SignInService.swift */ = {isa = PBXFileReference; lastKnownFileType = sourcecode.swift; path = SignInService.swift; sourceTree = "<group>"; };
		EAE23E6F23B13F28007615CD /* SignUpService.swift */ = {isa = PBXFileReference; lastKnownFileType = sourcecode.swift; path = SignUpService.swift; sourceTree = "<group>"; };
		EAE23E7123B14B96007615CD /* StartHome.storyboard */ = {isa = PBXFileReference; lastKnownFileType = file.storyboard; path = StartHome.storyboard; sourceTree = "<group>"; };
<<<<<<< Updated upstream
>>>>>>> Stashed changes
=======
>>>>>>> Stashed changes
=======
		39CC509823B12B6400E24F95 /* RemoteConfigDefaults.plist */ = {isa = PBXFileReference; lastKnownFileType = text.plist.xml; path = RemoteConfigDefaults.plist; sourceTree = "<group>"; };
		39CC509A23B12C9700E24F95 /* ChattingScreen.storyboard */ = {isa = PBXFileReference; lastKnownFileType = file.storyboard; path = ChattingScreen.storyboard; sourceTree = "<group>"; };
		39CC509C23B1350A00E24F95 /* ChattingLoginViewController.swift */ = {isa = PBXFileReference; lastKnownFileType = sourcecode.swift; path = ChattingLoginViewController.swift; sourceTree = "<group>"; };
		39CC509E23B1377700E24F95 /* ChattingSignUpViewController.swift */ = {isa = PBXFileReference; lastKnownFileType = sourcecode.swift; path = ChattingSignUpViewController.swift; sourceTree = "<group>"; };
		39CC50A023B14BE100E24F95 /* ChattingMainViewController.swift */ = {isa = PBXFileReference; lastKnownFileType = sourcecode.swift; path = ChattingMainViewController.swift; sourceTree = "<group>"; };
		47EA4ECB84A67FB1A51C107C /* Pods-Mobo_iOS.release.xcconfig */ = {isa = PBXFileReference; includeInIndex = 1; lastKnownFileType = text.xcconfig; name = "Pods-Mobo_iOS.release.xcconfig"; path = "Target Support Files/Pods-Mobo_iOS/Pods-Mobo_iOS.release.xcconfig"; sourceTree = "<group>"; };
>>>>>>> master
/* End PBXFileReference section */

/* Begin PBXFrameworksBuildPhase section */
		398522B123B05F8D009C9AE3 /* Frameworks */ = {
			isa = PBXFrameworksBuildPhase;
			buildActionMask = 2147483647;
			files = (
				9FAE6A60C01378860FA901C8 /* Pods_Mobo_iOS.framework in Frameworks */,
			);
			runOnlyForDeploymentPostprocessing = 0;
		};
/* End PBXFrameworksBuildPhase section */

/* Begin PBXGroup section */
		390BD68123B08A0100FF7E68 /* View */ = {
			isa = PBXGroup;
			children = (
				390BD68223B08A0500FF7E68 /* Cell */,
			);
			path = View;
			sourceTree = "<group>";
		};
		390BD68223B08A0500FF7E68 /* Cell */ = {
			isa = PBXGroup;
			children = (
				390BD68323B08A4700FF7E68 /* MovieCollectionViewCell.swift */,
			);
			path = Cell;
			sourceTree = "<group>";
		};
		390BD68523B08AEF00FF7E68 /* Model */ = {
			isa = PBXGroup;
			children = (
				39C84F4B23B0BD2E000130B4 /* loader.json */,
				390BD68623B08AF800FF7E68 /* Movie.swift */,
				390BD68823B08B1500FF7E68 /* ServerURLs.swift */,
				390BD68A23B08B9300FF7E68 /* DataManager.swift */,
			);
			path = Model;
			sourceTree = "<group>";
		};
		391CEEBB23B0DD5000E4C71D /* FindFriend */ = {
			isa = PBXGroup;
			children = (
				391CEEBC23B0DD6700E4C71D /* FindFriendViewController.swift */,
			);
			path = FindFriend;
			sourceTree = "<group>";
		};
		3962D19723B12935004B11AB /* ChattingView */ = {
			isa = PBXGroup;
			children = (
				3962D19823B12947004B11AB /* ChattingViewController.swift */,
				39CC509C23B1350A00E24F95 /* ChattingLoginViewController.swift */,
				39CC509E23B1377700E24F95 /* ChattingSignUpViewController.swift */,
				39CC50A023B14BE100E24F95 /* ChattingMainViewController.swift */,
			);
			path = ChattingView;
			sourceTree = "<group>";
		};
		398522AB23B05F8D009C9AE3 = {
			isa = PBXGroup;
			children = (
				398522B623B05F8D009C9AE3 /* Mobo_iOS */,
				398522B523B05F8D009C9AE3 /* Products */,
				F52E4EFEF420A286635EEC3C /* Pods */,
				98EFE733EC63355B60E93E37 /* Frameworks */,
			);
			sourceTree = "<group>";
		};
		398522B523B05F8D009C9AE3 /* Products */ = {
			isa = PBXGroup;
			children = (
				398522B423B05F8D009C9AE3 /* Mobo_iOS.app */,
			);
			name = Products;
			sourceTree = "<group>";
		};
		398522B623B05F8D009C9AE3 /* Mobo_iOS */ = {
			isa = PBXGroup;
			children = (
				398522D023B0645E009C9AE3 /* Resources */,
				398522CF23B06459009C9AE3 /* Extensions */,
				398522CE23B0644A009C9AE3 /* Sources */,
				398522B723B05F8D009C9AE3 /* AppDelegate.swift */,
				398522B923B05F8D009C9AE3 /* SceneDelegate.swift */,
				398522C823B05F8F009C9AE3 /* Info.plist */,
				39CC509823B12B6400E24F95 /* RemoteConfigDefaults.plist */,
				3962D19523B1254D004B11AB /* GoogleService-Info.plist */,
				398522C023B05F8D009C9AE3 /* Mobo_iOS.xcdatamodeld */,
			);
			path = Mobo_iOS;
			sourceTree = "<group>";
		};
		398522CE23B0644A009C9AE3 /* Sources */ = {
			isa = PBXGroup;
			children = (
				390BD68123B08A0100FF7E68 /* View */,
				398522D323B06482009C9AE3 /* ViewControllers */,
			);
			path = Sources;
			sourceTree = "<group>";
		};
		398522CF23B06459009C9AE3 /* Extensions */ = {
			isa = PBXGroup;
			children = (
				398522D723B064DD009C9AE3 /* Extension+CALayer.swift */,
				398522D423B064DD009C9AE3 /* Extension+Font.swift */,
				398522D523B064DD009C9AE3 /* Extension+GIF.swift */,
				398522D823B064DD009C9AE3 /* Extension+UITextField.swift */,
				398522D623B064DD009C9AE3 /* Extensions+UIView.swift */,
				390BD68C23B09D2B00FF7E68 /* Extensions+UIColor.swift */,
			);
			path = Extensions;
			sourceTree = "<group>";
		};
		398522D023B0645E009C9AE3 /* Resources */ = {
			isa = PBXGroup;
			children = (
				398522D223B0646D009C9AE3 /* Storyboards */,
				398522D123B06467009C9AE3 /* APIServices */,
			);
			path = Resources;
			sourceTree = "<group>";
		};
		398522D123B06467009C9AE3 /* APIServices */ = {
			isa = PBXGroup;
			children = (
<<<<<<< HEAD
<<<<<<< Updated upstream
<<<<<<< Updated upstream
=======
=======
>>>>>>> Stashed changes
				EAE23E6623B13D75007615CD /* Sign */,
				390BD68523B08AEF00FF7E68 /* Model */,
>>>>>>> Stashed changes
=======
				390BD68523B08AEF00FF7E68 /* Model */,
>>>>>>> master
				398522C323B05F8F009C9AE3 /* Assets.xcassets */,
			);
			path = APIServices;
			sourceTree = "<group>";
		};
		398522D223B0646D009C9AE3 /* Storyboards */ = {
			isa = PBXGroup;
			children = (
				398522BD23B05F8D009C9AE3 /* Main.storyboard */,
				398522C523B05F8F009C9AE3 /* LaunchScreen.storyboard */,
<<<<<<< HEAD
<<<<<<< Updated upstream
				EA740D8923B06BEF00D9E9BC /* SignIn.storyboard */,
=======
				390BD67B23B06AEB00FF7E68 /* MovieTabScreen.storyboard */,
				39C84F4D23B0C2A4000130B4 /* PopUpScreen.storyboard */,
				391CEEBE23B0DD9C00E4C71D /* FriendScreen.storyboard */,
				EAE23E5F23B13241007615CD /* SignInStoryboard.storyboard */,
				EAE23E7123B14B96007615CD /* StartHome.storyboard */,
<<<<<<< Updated upstream
>>>>>>> Stashed changes
=======
>>>>>>> Stashed changes
=======
				390BD67B23B06AEB00FF7E68 /* MovieTabScreen.storyboard */,
				39C84F4D23B0C2A4000130B4 /* PopUpScreen.storyboard */,
				391CEEBE23B0DD9C00E4C71D /* FriendScreen.storyboard */,
				39CC509A23B12C9700E24F95 /* ChattingScreen.storyboard */,
>>>>>>> master
			);
			path = Storyboards;
			sourceTree = "<group>";
		};
		398522D323B06482009C9AE3 /* ViewControllers */ = {
			isa = PBXGroup;
			children = (
				EAE23E6123B1327F007615CD /* Sign */,
				398522BB23B05F8D009C9AE3 /* ViewController.swift */,
<<<<<<< HEAD
				EA740D8B23B06C4700D9E9BC /* SignInViewController.swift */,
=======
				3962D19723B12935004B11AB /* ChattingView */,
				391CEEBB23B0DD5000E4C71D /* FindFriend */,
				39C84F5123B0C43F000130B4 /* MovieCollection */,
				39C84F5023B0C422000130B4 /* MovieTimeTable */,
				39C84F4F23B0C415000130B4 /* PopUp */,
>>>>>>> master
			);
			path = ViewControllers;
			sourceTree = "<group>";
		};
<<<<<<< HEAD
<<<<<<< Updated upstream
=======
=======
>>>>>>> master
		39C84F4F23B0C415000130B4 /* PopUp */ = {
			isa = PBXGroup;
			children = (
				39C84F5223B0C49A000130B4 /* PopupInventoryViewController.swift */,
			);
			path = PopUp;
			sourceTree = "<group>";
		};
		39C84F5023B0C422000130B4 /* MovieTimeTable */ = {
			isa = PBXGroup;
			children = (
				39C84F4723B0A244000130B4 /* MovieTimeTableViewController.swift */,
			);
			path = MovieTimeTable;
			sourceTree = "<group>";
		};
		39C84F5123B0C43F000130B4 /* MovieCollection */ = {
			isa = PBXGroup;
			children = (
				390BD67923B06ACB00FF7E68 /* MovieTabViewController.swift */,
				390BD67D23B06B3300FF7E68 /* MovieTabOneViewController.swift */,
				390BD67F23B070FC00FF7E68 /* MovieTabTwoViewController.swift */,
			);
			path = MovieCollection;
			sourceTree = "<group>";
		};
		98EFE733EC63355B60E93E37 /* Frameworks */ = {
			isa = PBXGroup;
			children = (
				02DE58E89F1AFEA60CB7A16B /* Pods_Mobo_iOS.framework */,
			);
			name = Frameworks;
			sourceTree = "<group>";
		};
<<<<<<< HEAD
		EAE23E6123B1327F007615CD /* Sign */ = {
			isa = PBXGroup;
			children = (
				EAE23E6223B132A8007615CD /* SignInViewController.swift */,
				EAE23E6423B132B4007615CD /* SignUpViewController.swift */,
			);
			path = Sign;
			sourceTree = "<group>";
		};
		EAE23E6623B13D75007615CD /* Sign */ = {
			isa = PBXGroup;
			children = (
				EAE23E6723B13DE4007615CD /* APIService.swift */,
				EAE23E6923B13E0B007615CD /* APIConstants.swift */,
				EAE23E6B23B13E9F007615CD /* ResponseString.swift */,
				EAE23E6D23B13EDA007615CD /* SignInService.swift */,
				EAE23E6F23B13F28007615CD /* SignUpService.swift */,
			);
			path = Sign;
			sourceTree = "<group>";
		};
=======
>>>>>>> master
		F52E4EFEF420A286635EEC3C /* Pods */ = {
			isa = PBXGroup;
			children = (
				0264162D43B295069FF65561 /* Pods-Mobo_iOS.debug.xcconfig */,
				47EA4ECB84A67FB1A51C107C /* Pods-Mobo_iOS.release.xcconfig */,
			);
			path = Pods;
			sourceTree = "<group>";
		};
<<<<<<< HEAD
>>>>>>> Stashed changes
=======
>>>>>>> master
/* End PBXGroup section */

/* Begin PBXNativeTarget section */
		398522B323B05F8D009C9AE3 /* Mobo_iOS */ = {
			isa = PBXNativeTarget;
			buildConfigurationList = 398522CB23B05F8F009C9AE3 /* Build configuration list for PBXNativeTarget "Mobo_iOS" */;
			buildPhases = (
				C8B296905A9407C02E0DC8F7 /* [CP] Check Pods Manifest.lock */,
				398522B023B05F8D009C9AE3 /* Sources */,
				398522B123B05F8D009C9AE3 /* Frameworks */,
				398522B223B05F8D009C9AE3 /* Resources */,
				AE5D2911AC550B62BB80E516 /* [CP] Embed Pods Frameworks */,
			);
			buildRules = (
			);
			dependencies = (
			);
			name = Mobo_iOS;
			productName = Mobo_iOS;
			productReference = 398522B423B05F8D009C9AE3 /* Mobo_iOS.app */;
			productType = "com.apple.product-type.application";
		};
/* End PBXNativeTarget section */

/* Begin PBXProject section */
		398522AC23B05F8D009C9AE3 /* Project object */ = {
			isa = PBXProject;
			attributes = {
				LastSwiftUpdateCheck = 1130;
				LastUpgradeCheck = 1130;
				ORGANIZATIONNAME = "조경진";
				TargetAttributes = {
					398522B323B05F8D009C9AE3 = {
						CreatedOnToolsVersion = 11.3;
					};
				};
			};
			buildConfigurationList = 398522AF23B05F8D009C9AE3 /* Build configuration list for PBXProject "Mobo_iOS" */;
			compatibilityVersion = "Xcode 9.3";
			developmentRegion = en;
			hasScannedForEncodings = 0;
			knownRegions = (
				en,
				Base,
			);
			mainGroup = 398522AB23B05F8D009C9AE3;
			productRefGroup = 398522B523B05F8D009C9AE3 /* Products */;
			projectDirPath = "";
			projectRoot = "";
			targets = (
				398522B323B05F8D009C9AE3 /* Mobo_iOS */,
			);
		};
/* End PBXProject section */

/* Begin PBXResourcesBuildPhase section */
		398522B223B05F8D009C9AE3 /* Resources */ = {
			isa = PBXResourcesBuildPhase;
			buildActionMask = 2147483647;
			files = (
<<<<<<< HEAD
<<<<<<< Updated upstream
				EA740D8A23B06BEF00D9E9BC /* SignIn.storyboard in Resources */,
=======
				391CEEBF23B0DD9C00E4C71D /* FriendScreen.storyboard in Resources */,
				EAE23E7223B14B96007615CD /* StartHome.storyboard in Resources */,
<<<<<<< Updated upstream
>>>>>>> Stashed changes
=======
>>>>>>> Stashed changes
=======
				391CEEBF23B0DD9C00E4C71D /* FriendScreen.storyboard in Resources */,
				3962D19623B1254D004B11AB /* GoogleService-Info.plist in Resources */,
				39CC509B23B12C9700E24F95 /* ChattingScreen.storyboard in Resources */,
>>>>>>> master
				398522C723B05F8F009C9AE3 /* LaunchScreen.storyboard in Resources */,
				398522C423B05F8F009C9AE3 /* Assets.xcassets in Resources */,
				EAE23E6023B13241007615CD /* SignInStoryboard.storyboard in Resources */,
				398522BF23B05F8D009C9AE3 /* Main.storyboard in Resources */,
				390BD67C23B06AEB00FF7E68 /* MovieTabScreen.storyboard in Resources */,
				39CC509923B12B6400E24F95 /* RemoteConfigDefaults.plist in Resources */,
				39C84F4C23B0BD2E000130B4 /* loader.json in Resources */,
				39C84F4E23B0C2A4000130B4 /* PopUpScreen.storyboard in Resources */,
			);
			runOnlyForDeploymentPostprocessing = 0;
		};
/* End PBXResourcesBuildPhase section */

/* Begin PBXShellScriptBuildPhase section */
		AE5D2911AC550B62BB80E516 /* [CP] Embed Pods Frameworks */ = {
			isa = PBXShellScriptBuildPhase;
			buildActionMask = 2147483647;
			files = (
			);
			inputFileListPaths = (
				"${PODS_ROOT}/Target Support Files/Pods-Mobo_iOS/Pods-Mobo_iOS-frameworks-${CONFIGURATION}-input-files.xcfilelist",
			);
			name = "[CP] Embed Pods Frameworks";
			outputFileListPaths = (
				"${PODS_ROOT}/Target Support Files/Pods-Mobo_iOS/Pods-Mobo_iOS-frameworks-${CONFIGURATION}-output-files.xcfilelist",
			);
			runOnlyForDeploymentPostprocessing = 0;
			shellPath = /bin/sh;
			shellScript = "\"${PODS_ROOT}/Target Support Files/Pods-Mobo_iOS/Pods-Mobo_iOS-frameworks.sh\"\n";
			showEnvVarsInLog = 0;
		};
		C8B296905A9407C02E0DC8F7 /* [CP] Check Pods Manifest.lock */ = {
			isa = PBXShellScriptBuildPhase;
			buildActionMask = 2147483647;
			files = (
			);
			inputFileListPaths = (
			);
			inputPaths = (
				"${PODS_PODFILE_DIR_PATH}/Podfile.lock",
				"${PODS_ROOT}/Manifest.lock",
			);
			name = "[CP] Check Pods Manifest.lock";
			outputFileListPaths = (
			);
			outputPaths = (
				"$(DERIVED_FILE_DIR)/Pods-Mobo_iOS-checkManifestLockResult.txt",
			);
			runOnlyForDeploymentPostprocessing = 0;
			shellPath = /bin/sh;
			shellScript = "diff \"${PODS_PODFILE_DIR_PATH}/Podfile.lock\" \"${PODS_ROOT}/Manifest.lock\" > /dev/null\nif [ $? != 0 ] ; then\n    # print error to STDERR\n    echo \"error: The sandbox is not in sync with the Podfile.lock. Run 'pod install' or update your CocoaPods installation.\" >&2\n    exit 1\nfi\n# This output is used by Xcode 'outputs' to avoid re-running this script phase.\necho \"SUCCESS\" > \"${SCRIPT_OUTPUT_FILE_0}\"\n";
			showEnvVarsInLog = 0;
		};
/* End PBXShellScriptBuildPhase section */

/* Begin PBXSourcesBuildPhase section */
		398522B023B05F8D009C9AE3 /* Sources */ = {
			isa = PBXSourcesBuildPhase;
			buildActionMask = 2147483647;
			files = (
<<<<<<< HEAD
<<<<<<< Updated upstream
<<<<<<< Updated upstream
=======
=======
>>>>>>> Stashed changes
				EAE23E6523B132B4007615CD /* SignUpViewController.swift in Sources */,
				390BD68723B08AF800FF7E68 /* Movie.swift in Sources */,
				390BD68D23B09D2B00FF7E68 /* Extensions+UIColor.swift in Sources */,
				390BD68B23B08B9300FF7E68 /* DataManager.swift in Sources */,
>>>>>>> Stashed changes
=======
				390BD68723B08AF800FF7E68 /* Movie.swift in Sources */,
				390BD68D23B09D2B00FF7E68 /* Extensions+UIColor.swift in Sources */,
				390BD68B23B08B9300FF7E68 /* DataManager.swift in Sources */,
				39CC509F23B1377700E24F95 /* ChattingSignUpViewController.swift in Sources */,
>>>>>>> master
				398522DB23B064DD009C9AE3 /* Extensions+UIView.swift in Sources */,
				390BD68423B08A4700FF7E68 /* MovieCollectionViewCell.swift in Sources */,
				391CEEBD23B0DD6700E4C71D /* FindFriendViewController.swift in Sources */,
				398522DD23B064DD009C9AE3 /* Extension+UITextField.swift in Sources */,
<<<<<<< HEAD
<<<<<<< Updated upstream
=======
				390BD67A23B06ACB00FF7E68 /* MovieTabViewController.swift in Sources */,
				EAE23E6E23B13EDA007615CD /* SignInService.swift in Sources */,
<<<<<<< Updated upstream
>>>>>>> Stashed changes
=======
>>>>>>> Stashed changes
=======
				390BD67A23B06ACB00FF7E68 /* MovieTabViewController.swift in Sources */,
>>>>>>> master
				398522D923B064DD009C9AE3 /* Extension+Font.swift in Sources */,
				39CC50A123B14BE100E24F95 /* ChattingMainViewController.swift in Sources */,
				390BD67E23B06B3300FF7E68 /* MovieTabOneViewController.swift in Sources */,
				398522C223B05F8D009C9AE3 /* Mobo_iOS.xcdatamodeld in Sources */,
				390BD68023B070FC00FF7E68 /* MovieTabTwoViewController.swift in Sources */,
				39CC509D23B1350A00E24F95 /* ChattingLoginViewController.swift in Sources */,
				398522DC23B064DD009C9AE3 /* Extension+CALayer.swift in Sources */,
				398522DA23B064DD009C9AE3 /* Extension+GIF.swift in Sources */,
				EAE23E7023B13F28007615CD /* SignUpService.swift in Sources */,
				EAE23E6323B132A8007615CD /* SignInViewController.swift in Sources */,
				398522BC23B05F8D009C9AE3 /* ViewController.swift in Sources */,
<<<<<<< HEAD
<<<<<<< Updated upstream
=======
				39C84F5323B0C49A000130B4 /* PopupInventoryViewController.swift in Sources */,
				EAE23E6823B13DE4007615CD /* APIService.swift in Sources */,
				390BD68923B08B1500FF7E68 /* ServerURLs.swift in Sources */,
				EAE23E6A23B13E0B007615CD /* APIConstants.swift in Sources */,
<<<<<<< Updated upstream
>>>>>>> Stashed changes
=======
>>>>>>> Stashed changes
=======
				3962D19923B12947004B11AB /* ChattingViewController.swift in Sources */,
				39C84F5323B0C49A000130B4 /* PopupInventoryViewController.swift in Sources */,
				390BD68923B08B1500FF7E68 /* ServerURLs.swift in Sources */,
>>>>>>> master
				398522B823B05F8D009C9AE3 /* AppDelegate.swift in Sources */,
				EA740D8C23B06C4700D9E9BC /* SignInViewController.swift in Sources */,
				398522BA23B05F8D009C9AE3 /* SceneDelegate.swift in Sources */,
<<<<<<< HEAD
<<<<<<< Updated upstream
<<<<<<< Updated upstream
=======
=======
>>>>>>> Stashed changes
				EAE23E6C23B13E9F007615CD /* ResponseString.swift in Sources */,
				39C84F4823B0A244000130B4 /* MovieTimeTableViewController.swift in Sources */,
>>>>>>> Stashed changes
=======
				39C84F4823B0A244000130B4 /* MovieTimeTableViewController.swift in Sources */,
>>>>>>> master
			);
			runOnlyForDeploymentPostprocessing = 0;
		};
/* End PBXSourcesBuildPhase section */

/* Begin PBXVariantGroup section */
		398522BD23B05F8D009C9AE3 /* Main.storyboard */ = {
			isa = PBXVariantGroup;
			children = (
				398522BE23B05F8D009C9AE3 /* Base */,
			);
			name = Main.storyboard;
			sourceTree = "<group>";
		};
		398522C523B05F8F009C9AE3 /* LaunchScreen.storyboard */ = {
			isa = PBXVariantGroup;
			children = (
				398522C623B05F8F009C9AE3 /* Base */,
			);
			name = LaunchScreen.storyboard;
			sourceTree = "<group>";
		};
/* End PBXVariantGroup section */

/* Begin XCBuildConfiguration section */
		398522C923B05F8F009C9AE3 /* Debug */ = {
			isa = XCBuildConfiguration;
			buildSettings = {
				ALWAYS_SEARCH_USER_PATHS = NO;
				CLANG_ANALYZER_NONNULL = YES;
				CLANG_ANALYZER_NUMBER_OBJECT_CONVERSION = YES_AGGRESSIVE;
				CLANG_CXX_LANGUAGE_STANDARD = "gnu++14";
				CLANG_CXX_LIBRARY = "libc++";
				CLANG_ENABLE_MODULES = YES;
				CLANG_ENABLE_OBJC_ARC = YES;
				CLANG_ENABLE_OBJC_WEAK = YES;
				CLANG_WARN_BLOCK_CAPTURE_AUTORELEASING = YES;
				CLANG_WARN_BOOL_CONVERSION = YES;
				CLANG_WARN_COMMA = YES;
				CLANG_WARN_CONSTANT_CONVERSION = YES;
				CLANG_WARN_DEPRECATED_OBJC_IMPLEMENTATIONS = YES;
				CLANG_WARN_DIRECT_OBJC_ISA_USAGE = YES_ERROR;
				CLANG_WARN_DOCUMENTATION_COMMENTS = YES;
				CLANG_WARN_EMPTY_BODY = YES;
				CLANG_WARN_ENUM_CONVERSION = YES;
				CLANG_WARN_INFINITE_RECURSION = YES;
				CLANG_WARN_INT_CONVERSION = YES;
				CLANG_WARN_NON_LITERAL_NULL_CONVERSION = YES;
				CLANG_WARN_OBJC_IMPLICIT_RETAIN_SELF = YES;
				CLANG_WARN_OBJC_LITERAL_CONVERSION = YES;
				CLANG_WARN_OBJC_ROOT_CLASS = YES_ERROR;
				CLANG_WARN_RANGE_LOOP_ANALYSIS = YES;
				CLANG_WARN_STRICT_PROTOTYPES = YES;
				CLANG_WARN_SUSPICIOUS_MOVE = YES;
				CLANG_WARN_UNGUARDED_AVAILABILITY = YES_AGGRESSIVE;
				CLANG_WARN_UNREACHABLE_CODE = YES;
				CLANG_WARN__DUPLICATE_METHOD_MATCH = YES;
				COPY_PHASE_STRIP = NO;
				DEBUG_INFORMATION_FORMAT = dwarf;
				ENABLE_STRICT_OBJC_MSGSEND = YES;
				ENABLE_TESTABILITY = YES;
				GCC_C_LANGUAGE_STANDARD = gnu11;
				GCC_DYNAMIC_NO_PIC = NO;
				GCC_NO_COMMON_BLOCKS = YES;
				GCC_OPTIMIZATION_LEVEL = 0;
				GCC_PREPROCESSOR_DEFINITIONS = (
					"DEBUG=1",
					"$(inherited)",
				);
				GCC_WARN_64_TO_32_BIT_CONVERSION = YES;
				GCC_WARN_ABOUT_RETURN_TYPE = YES_ERROR;
				GCC_WARN_UNDECLARED_SELECTOR = YES;
				GCC_WARN_UNINITIALIZED_AUTOS = YES_AGGRESSIVE;
				GCC_WARN_UNUSED_FUNCTION = YES;
				GCC_WARN_UNUSED_VARIABLE = YES;
				IPHONEOS_DEPLOYMENT_TARGET = 13.2;
				MTL_ENABLE_DEBUG_INFO = INCLUDE_SOURCE;
				MTL_FAST_MATH = YES;
				ONLY_ACTIVE_ARCH = YES;
				SDKROOT = iphoneos;
				SWIFT_ACTIVE_COMPILATION_CONDITIONS = DEBUG;
				SWIFT_OPTIMIZATION_LEVEL = "-Onone";
			};
			name = Debug;
		};
		398522CA23B05F8F009C9AE3 /* Release */ = {
			isa = XCBuildConfiguration;
			buildSettings = {
				ALWAYS_SEARCH_USER_PATHS = NO;
				CLANG_ANALYZER_NONNULL = YES;
				CLANG_ANALYZER_NUMBER_OBJECT_CONVERSION = YES_AGGRESSIVE;
				CLANG_CXX_LANGUAGE_STANDARD = "gnu++14";
				CLANG_CXX_LIBRARY = "libc++";
				CLANG_ENABLE_MODULES = YES;
				CLANG_ENABLE_OBJC_ARC = YES;
				CLANG_ENABLE_OBJC_WEAK = YES;
				CLANG_WARN_BLOCK_CAPTURE_AUTORELEASING = YES;
				CLANG_WARN_BOOL_CONVERSION = YES;
				CLANG_WARN_COMMA = YES;
				CLANG_WARN_CONSTANT_CONVERSION = YES;
				CLANG_WARN_DEPRECATED_OBJC_IMPLEMENTATIONS = YES;
				CLANG_WARN_DIRECT_OBJC_ISA_USAGE = YES_ERROR;
				CLANG_WARN_DOCUMENTATION_COMMENTS = YES;
				CLANG_WARN_EMPTY_BODY = YES;
				CLANG_WARN_ENUM_CONVERSION = YES;
				CLANG_WARN_INFINITE_RECURSION = YES;
				CLANG_WARN_INT_CONVERSION = YES;
				CLANG_WARN_NON_LITERAL_NULL_CONVERSION = YES;
				CLANG_WARN_OBJC_IMPLICIT_RETAIN_SELF = YES;
				CLANG_WARN_OBJC_LITERAL_CONVERSION = YES;
				CLANG_WARN_OBJC_ROOT_CLASS = YES_ERROR;
				CLANG_WARN_RANGE_LOOP_ANALYSIS = YES;
				CLANG_WARN_STRICT_PROTOTYPES = YES;
				CLANG_WARN_SUSPICIOUS_MOVE = YES;
				CLANG_WARN_UNGUARDED_AVAILABILITY = YES_AGGRESSIVE;
				CLANG_WARN_UNREACHABLE_CODE = YES;
				CLANG_WARN__DUPLICATE_METHOD_MATCH = YES;
				COPY_PHASE_STRIP = NO;
				DEBUG_INFORMATION_FORMAT = "dwarf-with-dsym";
				ENABLE_NS_ASSERTIONS = NO;
				ENABLE_STRICT_OBJC_MSGSEND = YES;
				GCC_C_LANGUAGE_STANDARD = gnu11;
				GCC_NO_COMMON_BLOCKS = YES;
				GCC_WARN_64_TO_32_BIT_CONVERSION = YES;
				GCC_WARN_ABOUT_RETURN_TYPE = YES_ERROR;
				GCC_WARN_UNDECLARED_SELECTOR = YES;
				GCC_WARN_UNINITIALIZED_AUTOS = YES_AGGRESSIVE;
				GCC_WARN_UNUSED_FUNCTION = YES;
				GCC_WARN_UNUSED_VARIABLE = YES;
				IPHONEOS_DEPLOYMENT_TARGET = 13.2;
				MTL_ENABLE_DEBUG_INFO = NO;
				MTL_FAST_MATH = YES;
				SDKROOT = iphoneos;
				SWIFT_COMPILATION_MODE = wholemodule;
				SWIFT_OPTIMIZATION_LEVEL = "-O";
				VALIDATE_PRODUCT = YES;
			};
			name = Release;
		};
		398522CC23B05F8F009C9AE3 /* Debug */ = {
			isa = XCBuildConfiguration;
			baseConfigurationReference = 0264162D43B295069FF65561 /* Pods-Mobo_iOS.debug.xcconfig */;
			buildSettings = {
				ASSETCATALOG_COMPILER_APPICON_NAME = AppIcon;
				CODE_SIGN_STYLE = Automatic;
				DEVELOPMENT_TEAM = "";
				INFOPLIST_FILE = Mobo_iOS/Info.plist;
				LD_RUNPATH_SEARCH_PATHS = (
					"$(inherited)",
					"@executable_path/Frameworks",
				);
				PRODUCT_BUNDLE_IDENTIFIER = "com.Cho.Mobo-iOS";
				PRODUCT_NAME = "$(TARGET_NAME)";
				SWIFT_VERSION = 5.0;
				TARGETED_DEVICE_FAMILY = "1,2";
			};
			name = Debug;
		};
		398522CD23B05F8F009C9AE3 /* Release */ = {
			isa = XCBuildConfiguration;
			baseConfigurationReference = 47EA4ECB84A67FB1A51C107C /* Pods-Mobo_iOS.release.xcconfig */;
			buildSettings = {
				ASSETCATALOG_COMPILER_APPICON_NAME = AppIcon;
				CODE_SIGN_STYLE = Automatic;
				DEVELOPMENT_TEAM = "";
				INFOPLIST_FILE = Mobo_iOS/Info.plist;
				LD_RUNPATH_SEARCH_PATHS = (
					"$(inherited)",
					"@executable_path/Frameworks",
				);
				PRODUCT_BUNDLE_IDENTIFIER = "com.Cho.Mobo-iOS";
				PRODUCT_NAME = "$(TARGET_NAME)";
				SWIFT_VERSION = 5.0;
				TARGETED_DEVICE_FAMILY = "1,2";
			};
			name = Release;
		};
/* End XCBuildConfiguration section */

/* Begin XCConfigurationList section */
		398522AF23B05F8D009C9AE3 /* Build configuration list for PBXProject "Mobo_iOS" */ = {
			isa = XCConfigurationList;
			buildConfigurations = (
				398522C923B05F8F009C9AE3 /* Debug */,
				398522CA23B05F8F009C9AE3 /* Release */,
			);
			defaultConfigurationIsVisible = 0;
			defaultConfigurationName = Release;
		};
		398522CB23B05F8F009C9AE3 /* Build configuration list for PBXNativeTarget "Mobo_iOS" */ = {
			isa = XCConfigurationList;
			buildConfigurations = (
				398522CC23B05F8F009C9AE3 /* Debug */,
				398522CD23B05F8F009C9AE3 /* Release */,
			);
			defaultConfigurationIsVisible = 0;
			defaultConfigurationName = Release;
		};
/* End XCConfigurationList section */

/* Begin XCVersionGroup section */
		398522C023B05F8D009C9AE3 /* Mobo_iOS.xcdatamodeld */ = {
			isa = XCVersionGroup;
			children = (
				398522C123B05F8D009C9AE3 /* Mobo_iOS.xcdatamodel */,
			);
			currentVersion = 398522C123B05F8D009C9AE3 /* Mobo_iOS.xcdatamodel */;
			path = Mobo_iOS.xcdatamodeld;
			sourceTree = "<group>";
			versionGroupType = wrapper.xcdatamodel;
		};
/* End XCVersionGroup section */
	};
	rootObject = 398522AC23B05F8D009C9AE3 /* Project object */;
}
